
Microsoft Visual Studio Solution File, Format Version 12.00
# Visual Studio 15
VisualStudioVersion = 15.0.28307.572
MinimumVisualStudioVersion = 10.0.40219.1
Project("{FAE04EC0-301F-11D3-BF4B-00C04F79EFBC}") = "WebAppForGitHub", "WebAppForGitHub\WebAppForGitHub.csproj", "{7BBDCFAA-D85E-432E-A131-638860D8367C}"
EndProject
Global
	GlobalSection(SolutionConfigurationPlatforms) = preSolution
		Debug|Any CPU = Debug|Any CPU
		Release|Any CPU = Release|Any CPU
	EndGlobalSection
	GlobalSection(ProjectConfigurationPlatforms) = postSolution
		{7BBDCFAA-D85E-432E-A131-638860D8367C}.Debug|Any CPU.ActiveCfg = Debug|Any CPU
		{7BBDCFAA-D85E-432E-A131-638860D8367C}.Debug|Any CPU.Build.0 = Debug|Any CPU
		{7BBDCFAA-D85E-432E-A131-638860D8367C}.Release|Any CPU.ActiveCfg = Release|Any CPU
		{7BBDCFAA-D85E-432E-A131-638860D8367C}.Release|Any CPU.Build.0 = Release|Any CPU
	EndGlobalSection
	GlobalSection(SolutionProperties) = preSolution
		HideSolutionNode = FALSE
	EndGlobalSection
	GlobalSection(ExtensibilityGlobals) = postSolution
		SolutionGuid = {AB025D33-4C1D-415E-9A6A-6C33725D7017}
	EndGlobalSection
EndGlobal
